// !$*UTF8*$!
{
	archiveVersion = 1;
	classes = {
	};
	objectVersion = 46;
	objects = {

/* Begin PBXBuildFile section */
		024CF7E61FA8E3B7003EB0D5 /* main.c in Sources */ = {isa = PBXBuildFile; fileRef = 024CF7E51FA8E3B7003EB0D5 /* main.c */; };
		024CF7ED1FA8E3E4003EB0D5 /* btest.c in Sources */ = {isa = PBXBuildFile; fileRef = 024CF7EC1FA8E3E4003EB0D5 /* btest.c */; };
		02BA69141FABE1E8009D954A /* test_file.c in Sources */ = {isa = PBXBuildFile; fileRef = 02BA69131FABE1E8009D954A /* test_file.c */; };
/* End PBXBuildFile section */

/* Begin PBXCopyFilesBuildPhase section */
		024CF7E01FA8E3B7003EB0D5 /* CopyFiles */ = {
			isa = PBXCopyFilesBuildPhase;
			buildActionMask = 2147483647;
			dstPath = /usr/share/man/man1/;
			dstSubfolderSpec = 0;
			files = (
			);
			runOnlyForDeploymentPostprocessing = 1;
		};
/* End PBXCopyFilesBuildPhase section */

/* Begin PBXFileReference section */
		024CF7E21FA8E3B7003EB0D5 /* unit_testing */ = {isa = PBXFileReference; explicitFileType = "compiled.mach-o.executable"; includeInIndex = 0; path = unit_testing; sourceTree = BUILT_PRODUCTS_DIR; };
		024CF7E51FA8E3B7003EB0D5 /* main.c */ = {isa = PBXFileReference; lastKnownFileType = sourcecode.c.c; path = main.c; sourceTree = "<group>"; };
		024CF7EC1FA8E3E4003EB0D5 /* btest.c */ = {isa = PBXFileReference; fileEncoding = 4; lastKnownFileType = sourcecode.c.c; path = btest.c; sourceTree = "<group>"; };
		024CF7EE1FA8E3F5003EB0D5 /* btest.h */ = {isa = PBXFileReference; lastKnownFileType = sourcecode.c.h; path = btest.h; sourceTree = "<group>"; };
		02BA69131FABE1E8009D954A /* test_file.c */ = {isa = PBXFileReference; fileEncoding = 4; lastKnownFileType = sourcecode.c.c; path = test_file.c; sourceTree = "<group>"; };
		02BA69151FABE1F2009D954A /* test_file.h */ = {isa = PBXFileReference; lastKnownFileType = sourcecode.c.h; path = test_file.h; sourceTree = "<group>"; };
/* End PBXFileReference section */

/* Begin PBXFrameworksBuildPhase section */
		024CF7DF1FA8E3B7003EB0D5 /* Frameworks */ = {
			isa = PBXFrameworksBuildPhase;
			buildActionMask = 2147483647;
			files = (
			);
			runOnlyForDeploymentPostprocessing = 0;
		};
/* End PBXFrameworksBuildPhase section */

/* Begin PBXGroup section */
		024CF7D91FA8E3B7003EB0D5 = {
			isa = PBXGroup;
			children = (
				024CF7E41FA8E3B7003EB0D5 /* unit_testing */,
				024CF7E31FA8E3B7003EB0D5 /* Products */,
			);
			sourceTree = "<group>";
		};
		024CF7E31FA8E3B7003EB0D5 /* Products */ = {
			isa = PBXGroup;
			children = (
				024CF7E21FA8E3B7003EB0D5 /* unit_testing */,
			);
			name = Products;
			sourceTree = "<group>";
		};
		024CF7E41FA8E3B7003EB0D5 /* unit_testing */ = {
			isa = PBXGroup;
			children = (
				024CF7E51FA8E3B7003EB0D5 /* main.c */,
				024CF7EE1FA8E3F5003EB0D5 /* btest.h */,
				024CF7EC1FA8E3E4003EB0D5 /* btest.c */,
				02BA69131FABE1E8009D954A /* test_file.c */,
				02BA69151FABE1F2009D954A /* test_file.h */,
			);
			path = unit_testing;
			sourceTree = "<group>";
		};
/* End PBXGroup section */

/* Begin PBXNativeTarget section */
		024CF7E11FA8E3B7003EB0D5 /* unit_testing */ = {
			isa = PBXNativeTarget;
			buildConfigurationList = 024CF7E91FA8E3B7003EB0D5 /* Build configuration list for PBXNativeTarget "unit_testing" */;
			buildPhases = (
				024CF7DE1FA8E3B7003EB0D5 /* Sources */,
				024CF7DF1FA8E3B7003EB0D5 /* Frameworks */,
				024CF7E01FA8E3B7003EB0D5 /* CopyFiles */,
			);
			buildRules = (
			);
			dependencies = (
			);
			name = unit_testing;
			productName = unit_testing;
			productReference = 024CF7E21FA8E3B7003EB0D5 /* unit_testing */;
			productType = "com.apple.product-type.tool";
		};
/* End PBXNativeTarget section */

/* Begin PBXProject section */
		024CF7DA1FA8E3B7003EB0D5 /* Project object */ = {
			isa = PBXProject;
			attributes = {
				LastUpgradeCheck = 0720;
				ORGANIZATIONNAME = "Henry Bergin";
				TargetAttributes = {
					024CF7E11FA8E3B7003EB0D5 = {
						CreatedOnToolsVersion = 7.2.1;
					};
				};
			};
			buildConfigurationList = 024CF7DD1FA8E3B7003EB0D5 /* Build configuration list for PBXProject "unit_testing" */;
			compatibilityVersion = "Xcode 3.2";
			developmentRegion = English;
			hasScannedForEncodings = 0;
			knownRegions = (
				en,
			);
			mainGroup = 024CF7D91FA8E3B7003EB0D5;
			productRefGroup = 024CF7E31FA8E3B7003EB0D5 /* Products */;
			projectDirPath = "";
			projectRoot = "";
			targets = (
				024CF7E11FA8E3B7003EB0D5 /* unit_testing */,
			);
		};
/* End PBXProject section */

/* Begin PBXSourcesBuildPhase section */
		024CF7DE1FA8E3B7003EB0D5 /* Sources */ = {
			isa = PBXSourcesBuildPhase;
			buildActionMask = 2147483647;
			files = (
				024CF7ED1FA8E3E4003EB0D5 /* btest.c in Sources */,
				024CF7E61FA8E3B7003EB0D5 /* main.c in Sources */,
				02BA69141FABE1E8009D954A /* test_file.c in Sources */,
			);
			runOnlyForDeploymentPostprocessing = 0;
		};
/* End PBXSourcesBuildPhase section */

/* Begin XCBuildConfiguration section */
		024CF7E71FA8E3B7003EB0D5 /* Debug */ = {
			isa = XCBuildConfiguration;
			buildSettings = {
				ALWAYS_SEARCH_USER_PATHS = NO;
				CLANG_CXX_LANGUAGE_STANDARD = "gnu++0x";
				CLANG_CXX_LIBRARY = "libc++";
				CLANG_ENABLE_MODULES = YES;
				CLANG_ENABLE_OBJC_ARC = YES;
				CLANG_WARN_BOOL_CONVERSION = YES;
				CLANG_WARN_CONSTANT_CONVERSION = YES;
				CLANG_WARN_DIRECT_OBJC_ISA_USAGE = YES_ERROR;
				CLANG_WARN_EMPTY_BODY = YES;
				CLANG_WARN_ENUM_CONVERSION = YES;
				CLANG_WARN_INT_CONVERSION = YES;
				CLANG_WARN_OBJC_ROOT_CLASS = YES_ERROR;
				CLANG_WARN_UNREACHABLE_CODE = YES;
				CLANG_WARN__DUPLICATE_METHOD_MATCH = YES;
				CODE_SIGN_IDENTITY = "-";
				COPY_PHASE_STRIP = NO;
				DEBUG_INFORMATION_FORMAT = dwarf;
				ENABLE_STRICT_OBJC_MSGSEND = YES;
				ENABLE_TESTABILITY = YES;
				GCC_C_LANGUAGE_STANDARD = gnu99;
				GCC_DYNAMIC_NO_PIC = NO;
				GCC_NO_COMMON_BLOCKS = YES;
				GCC_OPTIMIZATION_LEVEL = 0;
				GCC_PREPROCESSOR_DEFINITIONS = (
					"DEBUG=1",
					"$(inherited)",
				);
				GCC_WARN_64_TO_32_BIT_CONVERSION = YES;
				GCC_WARN_ABOUT_RETURN_TYPE = YES_ERROR;
				GCC_WARN_UNDECLARED_SELECTOR = YES;
				GCC_WARN_UNINITIALIZED_AUTOS = YES_AGGRESSIVE;
				GCC_WARN_UNUSED_FUNCTION = YES;
				GCC_WARN_UNUSED_VARIABLE = YES;
				MACOSX_DEPLOYMENT_TARGET = 10.13;
				MTL_ENABLE_DEBUG_INFO = YES;
				ONLY_ACTIVE_ARCH = YES;
				SDKROOT = macosx;
			};
			name = Debug;
		};
		024CF7E81FA8E3B7003EB0D5 /* Release */ = {
			isa = XCBuildConfiguration;
			buildSettings = {
				ALWAYS_SEARCH_USER_PATHS = NO;
				CLANG_CXX_LANGUAGE_STANDARD = "gnu++0x";
				CLANG_CXX_LIBRARY = "libc++";
				CLANG_ENABLE_MODULES = YES;
				CLANG_ENABLE_OBJC_ARC = YES;
				CLANG_WARN_BOOL_CONVERSION = YES;
				CLANG_WARN_CONSTANT_CONVERSION = YES;
				CLANG_WARN_DIRECT_OBJC_ISA_USAGE = YES_ERROR;
				CLANG_WARN_EMPTY_BODY = YES;
				CLANG_WARN_ENUM_CONVERSION = YES;
				CLANG_WARN_INT_CONVERSION = YES;
				CLANG_WARN_OBJC_ROOT_CLASS = YES_ERROR;
				CLANG_WARN_UNREACHABLE_CODE = YES;
				CLANG_WARN__DUPLICATE_METHOD_MATCH = YES;
				CODE_SIGN_IDENTITY = "-";
				COPY_PHASE_STRIP = NO;
				DEBUG_INFORMATION_FORMAT = "dwarf-with-dsym";
				ENABLE_NS_ASSERTIONS = NO;
				ENABLE_STRICT_OBJC_MSGSEND = YES;
				GCC_C_LANGUAGE_STANDARD = gnu99;
				GCC_NO_COMMON_BLOCKS = YES;
				GCC_WARN_64_TO_32_BIT_CONVERSION = YES;
				GCC_WARN_ABOUT_RETURN_TYPE = YES_ERROR;
				GCC_WARN_UNDECLARED_SELECTOR = YES;
				GCC_WARN_UNINITIALIZED_AUTOS = YES_AGGRESSIVE;
				GCC_WARN_UNUSED_FUNCTION = YES;
				GCC_WARN_UNUSED_VARIABLE = YES;
				MACOSX_DEPLOYMENT_TARGET = 10.13;
				MTL_ENABLE_DEBUG_INFO = NO;
				SDKROOT = macosx;
			};
			name = Release;
		};
		024CF7EA1FA8E3B7003EB0D5 /* Debug */ = {
			isa = XCBuildConfiguration;
			buildSettings = {
				PRODUCT_NAME = "$(TARGET_NAME)";
			};
			name = Debug;
		};
		024CF7EB1FA8E3B7003EB0D5 /* Release */ = {
			isa = XCBuildConfiguration;
			buildSettings = {
				PRODUCT_NAME = "$(TARGET_NAME)";
			};
			name = Release;
		};
/* End XCBuildConfiguration section */

/* Begin XCConfigurationList section */
		024CF7DD1FA8E3B7003EB0D5 /* Build configuration list for PBXProject "unit_testing" */ = {
			isa = XCConfigurationList;
			buildConfigurations = (
				024CF7E71FA8E3B7003EB0D5 /* Debug */,
				024CF7E81FA8E3B7003EB0D5 /* Release */,
			);
			defaultConfigurationIsVisible = 0;
			defaultConfigurationName = Release;
		};
		024CF7E91FA8E3B7003EB0D5 /* Build configuration list for PBXNativeTarget "unit_testing" */ = {
			isa = XCConfigurationList;
			buildConfigurations = (
				024CF7EA1FA8E3B7003EB0D5 /* Debug */,
				024CF7EB1FA8E3B7003EB0D5 /* Release */,
			);
			defaultConfigurationIsVisible = 0;
			defaultConfigurationName = Release;
		};
/* End XCConfigurationList section */
	};
	rootObject = 024CF7DA1FA8E3B7003EB0D5 /* Project object */;
}
